
Microsoft Visual Studio Solution File, Format Version 12.00
Project("{F2A71F9B-5D33-465A-A702-920D77279786}") = "DzoukrCz.MoonServer", "src\DzoukrCz.MoonServer\DzoukrCz.MoonServer.fsproj", "{978F1136-4A35-4AB3-ADFB-1E9121303EBE}"
EndProject
Project("{F2A71F9B-5D33-465A-A702-920D77279786}") = "DzoukrCz.Libraries", "src\DzoukrCz.Libraries\DzoukrCz.Libraries.fsproj", "{791C990D-74FC-4D1C-BAF1-220938F2901A}"
EndProject
Global
	GlobalSection(SolutionConfigurationPlatforms) = preSolution
		Debug|Any CPU = Debug|Any CPU
		Release|Any CPU = Release|Any CPU
	EndGlobalSection
	GlobalSection(ProjectConfigurationPlatforms) = postSolution
		{978F1136-4A35-4AB3-ADFB-1E9121303EBE}.Debug|Any CPU.ActiveCfg = Debug|Any CPU
		{978F1136-4A35-4AB3-ADFB-1E9121303EBE}.Debug|Any CPU.Build.0 = Debug|Any CPU
		{978F1136-4A35-4AB3-ADFB-1E9121303EBE}.Release|Any CPU.ActiveCfg = Release|Any CPU
		{978F1136-4A35-4AB3-ADFB-1E9121303EBE}.Release|Any CPU.Build.0 = Release|Any CPU
		{791C990D-74FC-4D1C-BAF1-220938F2901A}.Debug|Any CPU.ActiveCfg = Debug|Any CPU
		{791C990D-74FC-4D1C-BAF1-220938F2901A}.Debug|Any CPU.Build.0 = Debug|Any CPU
		{791C990D-74FC-4D1C-BAF1-220938F2901A}.Release|Any CPU.ActiveCfg = Release|Any CPU
		{791C990D-74FC-4D1C-BAF1-220938F2901A}.Release|Any CPU.Build.0 = Release|Any CPU
	EndGlobalSection
EndGlobal
